
Microsoft Visual Studio Solution File, Format Version 12.00
# Visual Studio Version 16
VisualStudioVersion = 16.0.30503.244
MinimumVisualStudioVersion = 10.0.40219.1
Project("{FAE04EC0-301F-11D3-BF4B-00C04F79EFBC}") = "Spreadsheet_Sonam_Yangtso", "Spreadsheet_Sonam_Yangtso\Spreadsheet_Sonam_Yangtso.csproj", "{C0363C2C-6AB2-451E-9B3F-DDB3BE46167D}"
EndProject
Project("{FAE04EC0-301F-11D3-BF4B-00C04F79EFBC}") = "SpreadsheetEngine", "SpreadsheetEngine\SpreadsheetEngine.csproj", "{D6F6B517-1558-47CC-A89E-759AB6CAA187}"
EndProject
Global
	GlobalSection(SolutionConfigurationPlatforms) = preSolution
		Debug|Any CPU = Debug|Any CPU
		Release|Any CPU = Release|Any CPU
	EndGlobalSection
	GlobalSection(ProjectConfigurationPlatforms) = postSolution
		{C0363C2C-6AB2-451E-9B3F-DDB3BE46167D}.Debug|Any CPU.ActiveCfg = Debug|Any CPU
		{C0363C2C-6AB2-451E-9B3F-DDB3BE46167D}.Debug|Any CPU.Build.0 = Debug|Any CPU
		{C0363C2C-6AB2-451E-9B3F-DDB3BE46167D}.Release|Any CPU.ActiveCfg = Release|Any CPU
		{C0363C2C-6AB2-451E-9B3F-DDB3BE46167D}.Release|Any CPU.Build.0 = Release|Any CPU
		{D6F6B517-1558-47CC-A89E-759AB6CAA187}.Debug|Any CPU.ActiveCfg = Debug|Any CPU
		{D6F6B517-1558-47CC-A89E-759AB6CAA187}.Debug|Any CPU.Build.0 = Debug|Any CPU
		{D6F6B517-1558-47CC-A89E-759AB6CAA187}.Release|Any CPU.ActiveCfg = Release|Any CPU
		{D6F6B517-1558-47CC-A89E-759AB6CAA187}.Release|Any CPU.Build.0 = Release|Any CPU
	EndGlobalSection
	GlobalSection(SolutionProperties) = preSolution
		HideSolutionNode = FALSE
	EndGlobalSection
	GlobalSection(ExtensibilityGlobals) = postSolution
		SolutionGuid = {E17EDAED-3986-4D21-8ABA-482BAE5731A3}
	EndGlobalSection
EndGlobal
